
Microsoft Visual Studio Solution File, Format Version 12.00
# Visual Studio Version 17
VisualStudioVersion = 17.11.35431.28
MinimumVisualStudioVersion = 10.0.40219.1
Project("{8BC9CEB8-8B4A-11D0-8D11-00A0C91BC942}") = "PC2_CasoEstudiantesUNI", "PC2_CasoEstudiantesUNI.vcxproj", "{EC951598-F4ED-4661-972E-351A8E223B93}"
EndProject
Global
	GlobalSection(SolutionConfigurationPlatforms) = preSolution
		Debug|x64 = Debug|x64
		Debug|x86 = Debug|x86
		Release|x64 = Release|x64
		Release|x86 = Release|x86
	EndGlobalSection
	GlobalSection(ProjectConfigurationPlatforms) = postSolution
		{EC951598-F4ED-4661-972E-351A8E223B93}.Debug|x64.ActiveCfg = Debug|x64
		{EC951598-F4ED-4661-972E-351A8E223B93}.Debug|x64.Build.0 = Debug|x64
		{EC951598-F4ED-4661-972E-351A8E223B93}.Debug|x86.ActiveCfg = Debug|Win32
		{EC951598-F4ED-4661-972E-351A8E223B93}.Debug|x86.Build.0 = Debug|Win32
		{EC951598-F4ED-4661-972E-351A8E223B93}.Release|x64.ActiveCfg = Release|x64
		{EC951598-F4ED-4661-972E-351A8E223B93}.Release|x64.Build.0 = Release|x64
		{EC951598-F4ED-4661-972E-351A8E223B93}.Release|x86.ActiveCfg = Release|Win32
		{EC951598-F4ED-4661-972E-351A8E223B93}.Release|x86.Build.0 = Release|Win32
	EndGlobalSection
	GlobalSection(SolutionProperties) = preSolution
		HideSolutionNode = FALSE
	EndGlobalSection
	GlobalSection(ExtensibilityGlobals) = postSolution
		SolutionGuid = {1F418BBA-4001-4A1C-9287-7299B1EDC386}
	EndGlobalSection
EndGlobal
