
Microsoft Visual Studio Solution File, Format Version 12.00
# Visual Studio Version 17
VisualStudioVersion = 17.11.35431.28
MinimumVisualStudioVersion = 10.0.40219.1
Project("{8BC9CEB8-8B4A-11D0-8D11-00A0C91BC942}") = "PC2_CasoProductos", "PC2_CasoProductos.vcxproj", "{73E624A0-EE6F-4283-8970-6BAE823DEC68}"
EndProject
Global
	GlobalSection(SolutionConfigurationPlatforms) = preSolution
		Debug|x64 = Debug|x64
		Debug|x86 = Debug|x86
		Release|x64 = Release|x64
		Release|x86 = Release|x86
	EndGlobalSection
	GlobalSection(ProjectConfigurationPlatforms) = postSolution
		{73E624A0-EE6F-4283-8970-6BAE823DEC68}.Debug|x64.ActiveCfg = Debug|x64
		{73E624A0-EE6F-4283-8970-6BAE823DEC68}.Debug|x64.Build.0 = Debug|x64
		{73E624A0-EE6F-4283-8970-6BAE823DEC68}.Debug|x86.ActiveCfg = Debug|Win32
		{73E624A0-EE6F-4283-8970-6BAE823DEC68}.Debug|x86.Build.0 = Debug|Win32
		{73E624A0-EE6F-4283-8970-6BAE823DEC68}.Release|x64.ActiveCfg = Release|x64
		{73E624A0-EE6F-4283-8970-6BAE823DEC68}.Release|x64.Build.0 = Release|x64
		{73E624A0-EE6F-4283-8970-6BAE823DEC68}.Release|x86.ActiveCfg = Release|Win32
		{73E624A0-EE6F-4283-8970-6BAE823DEC68}.Release|x86.Build.0 = Release|Win32
	EndGlobalSection
	GlobalSection(SolutionProperties) = preSolution
		HideSolutionNode = FALSE
	EndGlobalSection
	GlobalSection(ExtensibilityGlobals) = postSolution
		SolutionGuid = {15D3A949-3488-4260-A392-4547801C18E7}
	EndGlobalSection
EndGlobal
