
Microsoft Visual Studio Solution File, Format Version 12.00
# Visual Studio 14
VisualStudioVersion = 14.0.25420.1
MinimumVisualStudioVersion = 10.0.40219.1
Project("{8BC9CEB8-8B4A-11D0-8D11-00A0C91BC942}") = "ListasSimples", "ListasSimples\ListasSimples.vcxproj", "{335C26B2-BB79-4310-99DD-D8EE19A19D6E}"
EndProject
Project("{8BC9CEB8-8B4A-11D0-8D11-00A0C91BC942}") = "Listasdobleenlace", "Listasdobleenlace\Listasdobleenlace.vcxproj", "{FB6512CC-8A36-4D6E-A0A1-9B0ECD84B9D4}"
EndProject
Project("{8BC9CEB8-8B4A-11D0-8D11-00A0C91BC942}") = "ListaIterador", "ListaIterador\ListaIterador.vcxproj", "{71E563E7-99B9-4EDE-9CE4-820EE159AD9A}"
EndProject
Global
	GlobalSection(SolutionConfigurationPlatforms) = preSolution
		Debug|x64 = Debug|x64
		Debug|x86 = Debug|x86
		Release|x64 = Release|x64
		Release|x86 = Release|x86
	EndGlobalSection
	GlobalSection(ProjectConfigurationPlatforms) = postSolution
		{335C26B2-BB79-4310-99DD-D8EE19A19D6E}.Debug|x64.ActiveCfg = Debug|x64
		{335C26B2-BB79-4310-99DD-D8EE19A19D6E}.Debug|x64.Build.0 = Debug|x64
		{335C26B2-BB79-4310-99DD-D8EE19A19D6E}.Debug|x86.ActiveCfg = Debug|Win32
		{335C26B2-BB79-4310-99DD-D8EE19A19D6E}.Debug|x86.Build.0 = Debug|Win32
		{335C26B2-BB79-4310-99DD-D8EE19A19D6E}.Release|x64.ActiveCfg = Release|x64
		{335C26B2-BB79-4310-99DD-D8EE19A19D6E}.Release|x64.Build.0 = Release|x64
		{335C26B2-BB79-4310-99DD-D8EE19A19D6E}.Release|x86.ActiveCfg = Release|Win32
		{335C26B2-BB79-4310-99DD-D8EE19A19D6E}.Release|x86.Build.0 = Release|Win32
		{FB6512CC-8A36-4D6E-A0A1-9B0ECD84B9D4}.Debug|x64.ActiveCfg = Debug|x64
		{FB6512CC-8A36-4D6E-A0A1-9B0ECD84B9D4}.Debug|x64.Build.0 = Debug|x64
		{FB6512CC-8A36-4D6E-A0A1-9B0ECD84B9D4}.Debug|x86.ActiveCfg = Debug|Win32
		{FB6512CC-8A36-4D6E-A0A1-9B0ECD84B9D4}.Debug|x86.Build.0 = Debug|Win32
		{FB6512CC-8A36-4D6E-A0A1-9B0ECD84B9D4}.Release|x64.ActiveCfg = Release|x64
		{FB6512CC-8A36-4D6E-A0A1-9B0ECD84B9D4}.Release|x64.Build.0 = Release|x64
		{FB6512CC-8A36-4D6E-A0A1-9B0ECD84B9D4}.Release|x86.ActiveCfg = Release|Win32
		{FB6512CC-8A36-4D6E-A0A1-9B0ECD84B9D4}.Release|x86.Build.0 = Release|Win32
		{71E563E7-99B9-4EDE-9CE4-820EE159AD9A}.Debug|x64.ActiveCfg = Debug|x64
		{71E563E7-99B9-4EDE-9CE4-820EE159AD9A}.Debug|x64.Build.0 = Debug|x64
		{71E563E7-99B9-4EDE-9CE4-820EE159AD9A}.Debug|x86.ActiveCfg = Debug|Win32
		{71E563E7-99B9-4EDE-9CE4-820EE159AD9A}.Debug|x86.Build.0 = Debug|Win32
		{71E563E7-99B9-4EDE-9CE4-820EE159AD9A}.Release|x64.ActiveCfg = Release|x64
		{71E563E7-99B9-4EDE-9CE4-820EE159AD9A}.Release|x64.Build.0 = Release|x64
		{71E563E7-99B9-4EDE-9CE4-820EE159AD9A}.Release|x86.ActiveCfg = Release|Win32
		{71E563E7-99B9-4EDE-9CE4-820EE159AD9A}.Release|x86.Build.0 = Release|Win32
	EndGlobalSection
	GlobalSection(SolutionProperties) = preSolution
		HideSolutionNode = FALSE
	EndGlobalSection
EndGlobal
